// !$*UTF8*$!
{
	archiveVersion = 1;
	classes = {
	};
	objectVersion = 46;
	objects = {

/* Begin PBXBuildFile section */
		03BB31A614A89A4300D42EDC /* libstdc++.dylib in Frameworks */ = {isa = PBXBuildFile; fileRef = 03BB31A514A89A4300D42EDC /* libstdc++.dylib */; };
		03D14052148DFFFC00A78781 /* UIKit.framework in Frameworks */ = {isa = PBXBuildFile; fileRef = 03D14051148DFFFC00A78781 /* UIKit.framework */; };
		03D14054148DFFFC00A78781 /* Foundation.framework in Frameworks */ = {isa = PBXBuildFile; fileRef = 03D14053148DFFFC00A78781 /* Foundation.framework */; };
		03D14056148DFFFC00A78781 /* CoreGraphics.framework in Frameworks */ = {isa = PBXBuildFile; fileRef = 03D14055148DFFFC00A78781 /* CoreGraphics.framework */; };
		03D1405C148DFFFC00A78781 /* InfoPlist.strings in Resources */ = {isa = PBXBuildFile; fileRef = 03D1405A148DFFFC00A78781 /* InfoPlist.strings */; };
		03D1405E148DFFFC00A78781 /* main.m in Sources */ = {isa = PBXBuildFile; fileRef = 03D1405D148DFFFC00A78781 /* main.m */; };
		03D14062148DFFFC00A78781 /* AppDelegate.mm in Sources */ = {isa = PBXBuildFile; fileRef = 03D14061148DFFFC00A78781 /* AppDelegate.mm */; };
		03D1406D148E00D500A78781 /* OpenCV.framework in Frameworks */ = {isa = PBXBuildFile; fileRef = 03D1406C148E00D500A78781 /* OpenCV.framework */; };
		03D14072148E013A00A78781 /* PictureViewController.mm in Sources */ = {isa = PBXBuildFile; fileRef = 03D14070148E013900A78781 /* PictureViewController.mm */; };
		03D14073148E013A00A78781 /* PictureViewController.xib in Resources */ = {isa = PBXBuildFile; fileRef = 03D14071148E013A00A78781 /* PictureViewController.xib */; };
		03D14084148E0F0100A78781 /* Accelerate.framework in Frameworks */ = {isa = PBXBuildFile; fileRef = 03D14083148E0F0100A78781 /* Accelerate.framework */; };
		03D14086148E0F1100A78781 /* ImageIO.framework in Frameworks */ = {isa = PBXBuildFile; fileRef = 03D14085148E0F1100A78781 /* ImageIO.framework */; };
		03D14088148E0F1900A78781 /* CoreMedia.framework in Frameworks */ = {isa = PBXBuildFile; fileRef = 03D14087148E0F1900A78781 /* CoreMedia.framework */; };
		03D1408A148E0F2500A78781 /* libz.dylib in Frameworks */ = {isa = PBXBuildFile; fileRef = 03D14089148E0F2500A78781 /* libz.dylib */; };
		03D14090148E183100A78781 /* UIImage+Additions.m in Sources */ = {isa = PBXBuildFile; fileRef = 03D1408F148E183100A78781 /* UIImage+Additions.m */; };
		03D14097148E5E2800A78781 /* Common.c in Sources */ = {isa = PBXBuildFile; fileRef = 03D14096148E5E2800A78781 /* Common.c */; };
		AF873AB9154F223C0044C84B /* SplitSudokuViewController.m in Sources */ = {isa = PBXBuildFile; fileRef = AF873AB7154F223C0044C84B /* SplitSudokuViewController.m */; };
		AF873ABA154F223C0044C84B /* SplitSudokuViewController.xib in Resources */ = {isa = PBXBuildFile; fileRef = AF873AB8154F223C0044C84B /* SplitSudokuViewController.xib */; };
		AF9C2314152323DC00120079 /* 3.jpg in Resources */ = {isa = PBXBuildFile; fileRef = AF9C2313152323DC00120079 /* 3.jpg */; };
		AFCDBF06152031190028373E /* AVFoundation.framework in Frameworks */ = {isa = PBXBuildFile; fileRef = AFCDBF05152031190028373E /* AVFoundation.framework */; };
		AFCDBF08152031740028373E /* CoreVideo.framework in Frameworks */ = {isa = PBXBuildFile; fileRef = AFCDBF07152031740028373E /* CoreVideo.framework */; };
		AFCDBF0C152033E70028373E /* SSSolver.c in Sources */ = {isa = PBXBuildFile; fileRef = AFCDBF0B152033E70028373E /* SSSolver.c */; };
		AFCDBF2B15208AF20028373E /* SSImageProcessor.m in Sources */ = {isa = PBXBuildFile; fileRef = AFCDBF2A15208AF20028373E /* SSImageProcessor.m */; };
		AFD892C21556820000EBDF60 /* 4.jpg in Resources */ = {isa = PBXBuildFile; fileRef = AFD892C11556820000EBDF60 /* 4.jpg */; };
/* End PBXBuildFile section */

/* Begin PBXFileReference section */
		03BB31A514A89A4300D42EDC /* libstdc++.dylib */ = {isa = PBXFileReference; lastKnownFileType = "compiled.mach-o.dylib"; name = "libstdc++.dylib"; path = "usr/lib/libstdc++.dylib"; sourceTree = SDKROOT; };
		03D1404D148DFFFB00A78781 /* SudokuSolver.app */ = {isa = PBXFileReference; explicitFileType = wrapper.application; includeInIndex = 0; path = SudokuSolver.app; sourceTree = BUILT_PRODUCTS_DIR; };
		03D14051148DFFFC00A78781 /* UIKit.framework */ = {isa = PBXFileReference; lastKnownFileType = wrapper.framework; name = UIKit.framework; path = System/Library/Frameworks/UIKit.framework; sourceTree = SDKROOT; };
		03D14053148DFFFC00A78781 /* Foundation.framework */ = {isa = PBXFileReference; lastKnownFileType = wrapper.framework; name = Foundation.framework; path = System/Library/Frameworks/Foundation.framework; sourceTree = SDKROOT; };
		03D14055148DFFFC00A78781 /* CoreGraphics.framework */ = {isa = PBXFileReference; lastKnownFileType = wrapper.framework; name = CoreGraphics.framework; path = System/Library/Frameworks/CoreGraphics.framework; sourceTree = SDKROOT; };
		03D14059148DFFFC00A78781 /* SudokuSolver-Info.plist */ = {isa = PBXFileReference; lastKnownFileType = text.plist.xml; path = "SudokuSolver-Info.plist"; sourceTree = "<group>"; };
		03D1405B148DFFFC00A78781 /* en */ = {isa = PBXFileReference; lastKnownFileType = text.plist.strings; name = en; path = en.lproj/InfoPlist.strings; sourceTree = "<group>"; };
		03D1405D148DFFFC00A78781 /* main.m */ = {isa = PBXFileReference; lastKnownFileType = sourcecode.c.objc; path = main.m; sourceTree = "<group>"; };
		03D1405F148DFFFC00A78781 /* SudokuSolver-Prefix.pch */ = {isa = PBXFileReference; lastKnownFileType = sourcecode.c.h; path = "SudokuSolver-Prefix.pch"; sourceTree = "<group>"; };
		03D14060148DFFFC00A78781 /* AppDelegate.h */ = {isa = PBXFileReference; lastKnownFileType = sourcecode.c.h; path = AppDelegate.h; sourceTree = "<group>"; };
		03D14061148DFFFC00A78781 /* AppDelegate.mm */ = {isa = PBXFileReference; lastKnownFileType = sourcecode.cpp.objcpp; path = AppDelegate.mm; sourceTree = "<group>"; };
		03D1406C148E00D500A78781 /* OpenCV.framework */ = {isa = PBXFileReference; lastKnownFileType = wrapper.framework; name = OpenCV.framework; path = SudokuSolver/Frameworks/OpenCV.framework; sourceTree = "<group>"; };
		03D1406F148E013900A78781 /* PictureViewController.h */ = {isa = PBXFileReference; fileEncoding = 4; lastKnownFileType = sourcecode.c.h; path = PictureViewController.h; sourceTree = "<group>"; };
		03D14070148E013900A78781 /* PictureViewController.mm */ = {isa = PBXFileReference; fileEncoding = 4; lastKnownFileType = sourcecode.cpp.objcpp; path = PictureViewController.mm; sourceTree = "<group>"; };
		03D14071148E013A00A78781 /* PictureViewController.xib */ = {isa = PBXFileReference; fileEncoding = 4; lastKnownFileType = file.xib; path = PictureViewController.xib; sourceTree = "<group>"; };
		03D14083148E0F0100A78781 /* Accelerate.framework */ = {isa = PBXFileReference; lastKnownFileType = wrapper.framework; name = Accelerate.framework; path = System/Library/Frameworks/Accelerate.framework; sourceTree = SDKROOT; };
		03D14085148E0F1100A78781 /* ImageIO.framework */ = {isa = PBXFileReference; lastKnownFileType = wrapper.framework; name = ImageIO.framework; path = System/Library/Frameworks/ImageIO.framework; sourceTree = SDKROOT; };
		03D14087148E0F1900A78781 /* CoreMedia.framework */ = {isa = PBXFileReference; lastKnownFileType = wrapper.framework; name = CoreMedia.framework; path = System/Library/Frameworks/CoreMedia.framework; sourceTree = SDKROOT; };
		03D14089148E0F2500A78781 /* libz.dylib */ = {isa = PBXFileReference; lastKnownFileType = "compiled.mach-o.dylib"; name = libz.dylib; path = usr/lib/libz.dylib; sourceTree = SDKROOT; };
		03D1408E148E183100A78781 /* UIImage+Additions.h */ = {isa = PBXFileReference; fileEncoding = 4; lastKnownFileType = sourcecode.c.h; path = "UIImage+Additions.h"; sourceTree = "<group>"; };
		03D1408F148E183100A78781 /* UIImage+Additions.m */ = {isa = PBXFileReference; fileEncoding = 4; lastKnownFileType = sourcecode.c.objc; path = "UIImage+Additions.m"; sourceTree = "<group>"; };
		03D14096148E5E2800A78781 /* Common.c */ = {isa = PBXFileReference; fileEncoding = 4; lastKnownFileType = sourcecode.c.c; path = Common.c; sourceTree = "<group>"; };
		03D14098148E5E3900A78781 /* Common.h */ = {isa = PBXFileReference; fileEncoding = 4; lastKnownFileType = sourcecode.c.h; path = Common.h; sourceTree = "<group>"; };
		AF873AB6154F223C0044C84B /* SplitSudokuViewController.h */ = {isa = PBXFileReference; fileEncoding = 4; lastKnownFileType = sourcecode.c.h; path = SplitSudokuViewController.h; sourceTree = "<group>"; };
		AF873AB7154F223C0044C84B /* SplitSudokuViewController.m */ = {isa = PBXFileReference; fileEncoding = 4; lastKnownFileType = sourcecode.c.objc; path = SplitSudokuViewController.m; sourceTree = "<group>"; };
		AF873AB8154F223C0044C84B /* SplitSudokuViewController.xib */ = {isa = PBXFileReference; fileEncoding = 4; lastKnownFileType = file.xib; path = SplitSudokuViewController.xib; sourceTree = "<group>"; };
		AF9C2313152323DC00120079 /* 3.jpg */ = {isa = PBXFileReference; lastKnownFileType = image.jpeg; path = 3.jpg; sourceTree = "<group>"; };
		AFCDBF05152031190028373E /* AVFoundation.framework */ = {isa = PBXFileReference; lastKnownFileType = wrapper.framework; name = AVFoundation.framework; path = System/Library/Frameworks/AVFoundation.framework; sourceTree = SDKROOT; };
		AFCDBF07152031740028373E /* CoreVideo.framework */ = {isa = PBXFileReference; lastKnownFileType = wrapper.framework; name = CoreVideo.framework; path = System/Library/Frameworks/CoreVideo.framework; sourceTree = SDKROOT; };
		AFCDBF0A152033D90028373E /* SSSolver.h */ = {isa = PBXFileReference; fileEncoding = 4; lastKnownFileType = sourcecode.c.h; path = SSSolver.h; sourceTree = "<group>"; };
		AFCDBF0B152033E70028373E /* SSSolver.c */ = {isa = PBXFileReference; fileEncoding = 4; lastKnownFileType = sourcecode.c.c; path = SSSolver.c; sourceTree = "<group>"; };
		AFCDBF2915208AF20028373E /* SSImageProcessor.h */ = {isa = PBXFileReference; fileEncoding = 4; lastKnownFileType = sourcecode.c.h; path = SSImageProcessor.h; sourceTree = "<group>"; };
		AFCDBF2A15208AF20028373E /* SSImageProcessor.m */ = {isa = PBXFileReference; fileEncoding = 4; lastKnownFileType = sourcecode.c.objc; path = SSImageProcessor.m; sourceTree = "<group>"; };
		AFD892C11556820000EBDF60 /* 4.jpg */ = {isa = PBXFileReference; lastKnownFileType = image.jpeg; path = 4.jpg; sourceTree = "<group>"; };
/* End PBXFileReference section */

/* Begin PBXFrameworksBuildPhase section */
		03D1404A148DFFFB00A78781 /* Frameworks */ = {
			isa = PBXFrameworksBuildPhase;
			buildActionMask = 2147483647;
			files = (
				AFCDBF08152031740028373E /* CoreVideo.framework in Frameworks */,
				AFCDBF06152031190028373E /* AVFoundation.framework in Frameworks */,
				03BB31A614A89A4300D42EDC /* libstdc++.dylib in Frameworks */,
				03D1408A148E0F2500A78781 /* libz.dylib in Frameworks */,
				03D14088148E0F1900A78781 /* CoreMedia.framework in Frameworks */,
				03D14086148E0F1100A78781 /* ImageIO.framework in Frameworks */,
				03D14084148E0F0100A78781 /* Accelerate.framework in Frameworks */,
				03D14052148DFFFC00A78781 /* UIKit.framework in Frameworks */,
				03D14054148DFFFC00A78781 /* Foundation.framework in Frameworks */,
				03D14056148DFFFC00A78781 /* CoreGraphics.framework in Frameworks */,
				03D1406D148E00D500A78781 /* OpenCV.framework in Frameworks */,
			);
			runOnlyForDeploymentPostprocessing = 0;
		};
/* End PBXFrameworksBuildPhase section */

/* Begin PBXGroup section */
		03D14042148DFFFB00A78781 = {
			isa = PBXGroup;
			children = (
				03D14057148DFFFC00A78781 /* SudokuSolver */,
				03D14050148DFFFC00A78781 /* Frameworks */,
				03D1404E148DFFFB00A78781 /* Products */,
			);
			sourceTree = "<group>";
		};
		03D1404E148DFFFB00A78781 /* Products */ = {
			isa = PBXGroup;
			children = (
				03D1404D148DFFFB00A78781 /* SudokuSolver.app */,
			);
			name = Products;
			sourceTree = "<group>";
		};
		03D14050148DFFFC00A78781 /* Frameworks */ = {
			isa = PBXGroup;
			children = (
				AFCDBF07152031740028373E /* CoreVideo.framework */,
				AFCDBF05152031190028373E /* AVFoundation.framework */,
				03BB31A514A89A4300D42EDC /* libstdc++.dylib */,
				03D14087148E0F1900A78781 /* CoreMedia.framework */,
				03D14085148E0F1100A78781 /* ImageIO.framework */,
				03D14083148E0F0100A78781 /* Accelerate.framework */,
				03D14089148E0F2500A78781 /* libz.dylib */,
				03D1406C148E00D500A78781 /* OpenCV.framework */,
				03D14051148DFFFC00A78781 /* UIKit.framework */,
				03D14053148DFFFC00A78781 /* Foundation.framework */,
				03D14055148DFFFC00A78781 /* CoreGraphics.framework */,
			);
			name = Frameworks;
			sourceTree = "<group>";
		};
		03D14057148DFFFC00A78781 /* SudokuSolver */ = {
			isa = PBXGroup;
			children = (
				03D14095148E5CD900A78781 /* Classes */,
				03D14074148E0B6B00A78781 /* Resources */,
				03D14060148DFFFC00A78781 /* AppDelegate.h */,
				03D14061148DFFFC00A78781 /* AppDelegate.mm */,
				03D14058148DFFFC00A78781 /* Supporting Files */,
			);
			path = SudokuSolver;
			sourceTree = "<group>";
		};
		03D14058148DFFFC00A78781 /* Supporting Files */ = {
			isa = PBXGroup;
			children = (
				03D14059148DFFFC00A78781 /* SudokuSolver-Info.plist */,
				03D1405A148DFFFC00A78781 /* InfoPlist.strings */,
				03D1405D148DFFFC00A78781 /* main.m */,
				03D1405F148DFFFC00A78781 /* SudokuSolver-Prefix.pch */,
			);
			name = "Supporting Files";
			sourceTree = "<group>";
		};
		03D14074148E0B6B00A78781 /* Resources */ = {
			isa = PBXGroup;
			children = (
				AFD892C11556820000EBDF60 /* 4.jpg */,
				AF9C2313152323DC00120079 /* 3.jpg */,
			);
			name = Resources;
			sourceTree = "<group>";
		};
		03D1408D148E17FE00A78781 /* Categories */ = {
			isa = PBXGroup;
			children = (
				03D1408E148E183100A78781 /* UIImage+Additions.h */,
				03D1408F148E183100A78781 /* UIImage+Additions.m */,
			);
			name = Categories;
			sourceTree = "<group>";
		};
		03D14095148E5CD900A78781 /* Classes */ = {
			isa = PBXGroup;
			children = (
				AFCDBF09152033220028373E /* ViewConrtollers */,
				03D1408D148E17FE00A78781 /* Categories */,
				03D14098148E5E3900A78781 /* Common.h */,
				03D14096148E5E2800A78781 /* Common.c */,
				AFCDBF0A152033D90028373E /* SSSolver.h */,
				AFCDBF0B152033E70028373E /* SSSolver.c */,
				AFCDBF2915208AF20028373E /* SSImageProcessor.h */,
				AFCDBF2A15208AF20028373E /* SSImageProcessor.m */,
			);
			name = Classes;
			sourceTree = "<group>";
		};
		AFCDBF09152033220028373E /* ViewConrtollers */ = {
			isa = PBXGroup;
			children = (
				03D1406F148E013900A78781 /* PictureViewController.h */,
				03D14070148E013900A78781 /* PictureViewController.mm */,
				03D14071148E013A00A78781 /* PictureViewController.xib */,
				AF873AB6154F223C0044C84B /* SplitSudokuViewController.h */,
				AF873AB7154F223C0044C84B /* SplitSudokuViewController.m */,
				AF873AB8154F223C0044C84B /* SplitSudokuViewController.xib */,
			);
			name = ViewConrtollers;
			sourceTree = "<group>";
		};
/* End PBXGroup section */

/* Begin PBXNativeTarget section */
		03D1404C148DFFFB00A78781 /* SudokuSolver */ = {
			isa = PBXNativeTarget;
			buildConfigurationList = 03D14065148DFFFC00A78781 /* Build configuration list for PBXNativeTarget "SudokuSolver" */;
			buildPhases = (
				03D14049148DFFFB00A78781 /* Sources */,
				03D1404A148DFFFB00A78781 /* Frameworks */,
				03D1404B148DFFFB00A78781 /* Resources */,
			);
			buildRules = (
			);
			dependencies = (
			);
			name = SudokuSolver;
			productName = SudokuSolver;
			productReference = 03D1404D148DFFFB00A78781 /* SudokuSolver.app */;
			productType = "com.apple.product-type.application";
		};
/* End PBXNativeTarget section */

/* Begin PBXProject section */
		03D14044148DFFFB00A78781 /* Project object */ = {
			isa = PBXProject;
			attributes = {
				LastUpgradeCheck = 0430;
			};
			buildConfigurationList = 03D14047148DFFFB00A78781 /* Build configuration list for PBXProject "SudokuSolver" */;
			compatibilityVersion = "Xcode 3.2";
			developmentRegion = English;
			hasScannedForEncodings = 0;
			knownRegions = (
				en,
			);
			mainGroup = 03D14042148DFFFB00A78781;
			productRefGroup = 03D1404E148DFFFB00A78781 /* Products */;
			projectDirPath = "";
			projectRoot = "";
			targets = (
				03D1404C148DFFFB00A78781 /* SudokuSolver */,
			);
		};
/* End PBXProject section */

/* Begin PBXResourcesBuildPhase section */
		03D1404B148DFFFB00A78781 /* Resources */ = {
			isa = PBXResourcesBuildPhase;
			buildActionMask = 2147483647;
			files = (
				03D1405C148DFFFC00A78781 /* InfoPlist.strings in Resources */,
				03D14073148E013A00A78781 /* PictureViewController.xib in Resources */,
				AF9C2314152323DC00120079 /* 3.jpg in Resources */,
				AF873ABA154F223C0044C84B /* SplitSudokuViewController.xib in Resources */,
				AFD892C21556820000EBDF60 /* 4.jpg in Resources */,
			);
			runOnlyForDeploymentPostprocessing = 0;
		};
/* End PBXResourcesBuildPhase section */

/* Begin PBXSourcesBuildPhase section */
		03D14049148DFFFB00A78781 /* Sources */ = {
			isa = PBXSourcesBuildPhase;
			buildActionMask = 2147483647;
			files = (
				03D1405E148DFFFC00A78781 /* main.m in Sources */,
				03D14062148DFFFC00A78781 /* AppDelegate.mm in Sources */,
				03D14072148E013A00A78781 /* PictureViewController.mm in Sources */,
				03D14090148E183100A78781 /* UIImage+Additions.m in Sources */,
				03D14097148E5E2800A78781 /* Common.c in Sources */,
				AFCDBF0C152033E70028373E /* SSSolver.c in Sources */,
				AFCDBF2B15208AF20028373E /* SSImageProcessor.m in Sources */,
				AF873AB9154F223C0044C84B /* SplitSudokuViewController.m in Sources */,
			);
			runOnlyForDeploymentPostprocessing = 0;
		};
/* End PBXSourcesBuildPhase section */

/* Begin PBXVariantGroup section */
		03D1405A148DFFFC00A78781 /* InfoPlist.strings */ = {
			isa = PBXVariantGroup;
			children = (
				03D1405B148DFFFC00A78781 /* en */,
			);
			name = InfoPlist.strings;
			sourceTree = "<group>";
		};
/* End PBXVariantGroup section */

/* Begin XCBuildConfiguration section */
		03D14063148DFFFC00A78781 /* Debug */ = {
			isa = XCBuildConfiguration;
			buildSettings = {
				ALWAYS_SEARCH_USER_PATHS = NO;
				ARCHS = "$(ARCHS_STANDARD_32_BIT)";
				CLANG_ENABLE_OBJC_ARC = YES;
				"CODE_SIGN_IDENTITY[sdk=iphoneos*]" = "iPhone Developer";
				COPY_PHASE_STRIP = NO;
				GCC_C_LANGUAGE_STANDARD = gnu99;
				GCC_DYNAMIC_NO_PIC = NO;
				GCC_OPTIMIZATION_LEVEL = 0;
				GCC_PREPROCESSOR_DEFINITIONS = (
					"DEBUG=1",
					"$(inherited)",
				);
				GCC_SYMBOLS_PRIVATE_EXTERN = NO;
				GCC_VERSION = com.apple.compilers.llvm.clang.1_0;
				GCC_WARN_ABOUT_MISSING_PROTOTYPES = YES;
				GCC_WARN_ABOUT_RETURN_TYPE = YES;
				GCC_WARN_UNUSED_VARIABLE = YES;
				IPHONEOS_DEPLOYMENT_TARGET = 5.0;
				SDKROOT = iphoneos;
			};
			name = Debug;
		};
		03D14064148DFFFC00A78781 /* Release */ = {
			isa = XCBuildConfiguration;
			buildSettings = {
				ALWAYS_SEARCH_USER_PATHS = NO;
				ARCHS = "$(ARCHS_STANDARD_32_BIT)";
				CLANG_ENABLE_OBJC_ARC = YES;
				"CODE_SIGN_IDENTITY[sdk=iphoneos*]" = "iPhone Developer";
				COPY_PHASE_STRIP = YES;
				GCC_C_LANGUAGE_STANDARD = gnu99;
				GCC_VERSION = com.apple.compilers.llvm.clang.1_0;
				GCC_WARN_ABOUT_MISSING_PROTOTYPES = YES;
				GCC_WARN_ABOUT_RETURN_TYPE = YES;
				GCC_WARN_UNUSED_VARIABLE = YES;
				IPHONEOS_DEPLOYMENT_TARGET = 5.0;
				OTHER_CFLAGS = "-DNS_BLOCK_ASSERTIONS=1";
				SDKROOT = iphoneos;
				VALIDATE_PRODUCT = YES;
			};
			name = Release;
		};
		03D14066148DFFFC00A78781 /* Debug */ = {
			isa = XCBuildConfiguration;
			buildSettings = {
				FRAMEWORK_SEARCH_PATHS = (
					"$(inherited)",
					"\"$(SRCROOT)/SudokuSolver/Frameworks\"",
				);
				GCC_C_LANGUAGE_STANDARD = c99;
				GCC_PRECOMPILE_PREFIX_HEADER = YES;
				GCC_PREFIX_HEADER = "SudokuSolver/SudokuSolver-Prefix.pch";
				GCC_VERSION = com.apple.compilers.llvm.clang.1_0;
				INFOPLIST_FILE = "SudokuSolver/SudokuSolver-Info.plist";
				IPHONEOS_DEPLOYMENT_TARGET = 4.0;
				LIBRARY_SEARCH_PATHS = "";
				OTHER_LDFLAGS = "-ObjC";
				PRODUCT_NAME = "$(TARGET_NAME)";
				WRAPPER_EXTENSION = app;
			};
			name = Debug;
		};
		03D14067148DFFFC00A78781 /* Release */ = {
			isa = XCBuildConfiguration;
			buildSettings = {
				FRAMEWORK_SEARCH_PATHS = (
					"$(inherited)",
					"\"$(SRCROOT)/SudokuSolver/Frameworks\"",
				);
				GCC_C_LANGUAGE_STANDARD = c99;
				GCC_PRECOMPILE_PREFIX_HEADER = YES;
				GCC_PREFIX_HEADER = "SudokuSolver/SudokuSolver-Prefix.pch";
				GCC_VERSION = com.apple.compilers.llvm.clang.1_0;
				INFOPLIST_FILE = "SudokuSolver/SudokuSolver-Info.plist";
				IPHONEOS_DEPLOYMENT_TARGET = 4.0;
				LIBRARY_SEARCH_PATHS = "";
				OTHER_LDFLAGS = "-ObjC";
				PRODUCT_NAME = "$(TARGET_NAME)";
				WRAPPER_EXTENSION = app;
			};
			name = Release;
		};
/* End XCBuildConfiguration section */

/* Begin XCConfigurationList section */
		03D14047148DFFFB00A78781 /* Build configuration list for PBXProject "SudokuSolver" */ = {
			isa = XCConfigurationList;
			buildConfigurations = (
				03D14063148DFFFC00A78781 /* Debug */,
				03D14064148DFFFC00A78781 /* Release */,
			);
			defaultConfigurationIsVisible = 0;
			defaultConfigurationName = Release;
		};
		03D14065148DFFFC00A78781 /* Build configuration list for PBXNativeTarget "SudokuSolver" */ = {
			isa = XCConfigurationList;
			buildConfigurations = (
				03D14066148DFFFC00A78781 /* Debug */,
				03D14067148DFFFC00A78781 /* Release */,
			);
			defaultConfigurationIsVisible = 0;
			defaultConfigurationName = Release;
		};
/* End XCConfigurationList section */
	};
	rootObject = 03D14044148DFFFB00A78781 /* Project object */;
}
